// !$*UTF8*$!
{
	archiveVersion = 1;
	classes = {
	};
	objectVersion = 50;
	objects = {

/* Begin PBXBuildFile section */
		2822D6FF24AF880C001C2472 /* AppDelegate.swift in Sources */ = {isa = PBXBuildFile; fileRef = 2822D6FE24AF880C001C2472 /* AppDelegate.swift */; };
		2822D70124AF880C001C2472 /* SceneDelegate.swift in Sources */ = {isa = PBXBuildFile; fileRef = 2822D70024AF880C001C2472 /* SceneDelegate.swift */; };
		2822D70324AF880C001C2472 /* ViewController.swift in Sources */ = {isa = PBXBuildFile; fileRef = 2822D70224AF880C001C2472 /* ViewController.swift */; };
		2822D70624AF880C001C2472 /* Main.storyboard in Resources */ = {isa = PBXBuildFile; fileRef = 2822D70424AF880C001C2472 /* Main.storyboard */; };
		2822D70824AF880F001C2472 /* Assets.xcassets in Resources */ = {isa = PBXBuildFile; fileRef = 2822D70724AF880F001C2472 /* Assets.xcassets */; };
		2822D70B24AF880F001C2472 /* LaunchScreen.storyboard in Resources */ = {isa = PBXBuildFile; fileRef = 2822D70924AF880F001C2472 /* LaunchScreen.storyboard */; };
		2822D71624AF880F001C2472 /* CircleButtonTests.swift in Sources */ = {isa = PBXBuildFile; fileRef = 2822D71524AF880F001C2472 /* CircleButtonTests.swift */; };
/* End PBXBuildFile section */

/* Begin PBXContainerItemProxy section */
		2822D71224AF880F001C2472 /* PBXContainerItemProxy */ = {
			isa = PBXContainerItemProxy;
			containerPortal = 2822D6F324AF880C001C2472 /* Project object */;
			proxyType = 1;
			remoteGlobalIDString = 2822D6FA24AF880C001C2472;
			remoteInfo = CircleButton;
		};
/* End PBXContainerItemProxy section */

/* Begin PBXFileReference section */
		2822D6FB24AF880C001C2472 /* CircleButton.app */ = {isa = PBXFileReference; explicitFileType = wrapper.application; includeInIndex = 0; path = CircleButton.app; sourceTree = BUILT_PRODUCTS_DIR; };
		2822D6FE24AF880C001C2472 /* AppDelegate.swift */ = {isa = PBXFileReference; lastKnownFileType = sourcecode.swift; path = AppDelegate.swift; sourceTree = "<group>"; };
		2822D70024AF880C001C2472 /* SceneDelegate.swift */ = {isa = PBXFileReference; lastKnownFileType = sourcecode.swift; path = SceneDelegate.swift; sourceTree = "<group>"; };
		2822D70224AF880C001C2472 /* ViewController.swift */ = {isa = PBXFileReference; lastKnownFileType = sourcecode.swift; path = ViewController.swift; sourceTree = "<group>"; };
		2822D70524AF880C001C2472 /* Base */ = {isa = PBXFileReference; lastKnownFileType = file.storyboard; name = Base; path = Base.lproj/Main.storyboard; sourceTree = "<group>"; };
		2822D70724AF880F001C2472 /* Assets.xcassets */ = {isa = PBXFileReference; lastKnownFileType = folder.assetcatalog; path = Assets.xcassets; sourceTree = "<group>"; };
		2822D70A24AF880F001C2472 /* Base */ = {isa = PBXFileReference; lastKnownFileType = file.storyboard; name = Base; path = Base.lproj/LaunchScreen.storyboard; sourceTree = "<group>"; };
		2822D70C24AF880F001C2472 /* Info.plist */ = {isa = PBXFileReference; lastKnownFileType = text.plist.xml; path = Info.plist; sourceTree = "<group>"; };
		2822D71124AF880F001C2472 /* CircleButtonTests.xctest */ = {isa = PBXFileReference; explicitFileType = wrapper.cfbundle; includeInIndex = 0; path = CircleButtonTests.xctest; sourceTree = BUILT_PRODUCTS_DIR; };
		2822D71524AF880F001C2472 /* CircleButtonTests.swift */ = {isa = PBXFileReference; lastKnownFileType = sourcecode.swift; path = CircleButtonTests.swift; sourceTree = "<group>"; };
		2822D71724AF880F001C2472 /* Info.plist */ = {isa = PBXFileReference; lastKnownFileType = text.plist.xml; path = Info.plist; sourceTree = "<group>"; };
/* End PBXFileReference section */

/* Begin PBXFrameworksBuildPhase section */
		2822D6F824AF880C001C2472 /* Frameworks */ = {
			isa = PBXFrameworksBuildPhase;
			buildActionMask = 2147483647;
			files = (
			);
			runOnlyForDeploymentPostprocessing = 0;
		};
		2822D70E24AF880F001C2472 /* Frameworks */ = {
			isa = PBXFrameworksBuildPhase;
			buildActionMask = 2147483647;
			files = (
			);
			runOnlyForDeploymentPostprocessing = 0;
		};
/* End PBXFrameworksBuildPhase section */

/* Begin PBXGroup section */
		2822D6F224AF880C001C2472 = {
			isa = PBXGroup;
			children = (
				2822D6FD24AF880C001C2472 /* CircleButton */,
				2822D71424AF880F001C2472 /* CircleButtonTests */,
				2822D6FC24AF880C001C2472 /* Products */,
			);
			sourceTree = "<group>";
		};
		2822D6FC24AF880C001C2472 /* Products */ = {
			isa = PBXGroup;
			children = (
				2822D6FB24AF880C001C2472 /* CircleButton.app */,
				2822D71124AF880F001C2472 /* CircleButtonTests.xctest */,
			);
			name = Products;
			sourceTree = "<group>";
		};
		2822D6FD24AF880C001C2472 /* CircleButton */ = {
			isa = PBXGroup;
			children = (
				2822D6FE24AF880C001C2472 /* AppDelegate.swift */,
				2822D70024AF880C001C2472 /* SceneDelegate.swift */,
				2822D70224AF880C001C2472 /* ViewController.swift */,
				2822D70424AF880C001C2472 /* Main.storyboard */,
				2822D70724AF880F001C2472 /* Assets.xcassets */,
				2822D70924AF880F001C2472 /* LaunchScreen.storyboard */,
				2822D70C24AF880F001C2472 /* Info.plist */,
			);
			path = CircleButton;
			sourceTree = "<group>";
		};
		2822D71424AF880F001C2472 /* CircleButtonTests */ = {
			isa = PBXGroup;
			children = (
				2822D71524AF880F001C2472 /* CircleButtonTests.swift */,
				2822D71724AF880F001C2472 /* Info.plist */,
			);
			path = CircleButtonTests;
			sourceTree = "<group>";
		};
/* End PBXGroup section */

/* Begin PBXNativeTarget section */
		2822D6FA24AF880C001C2472 /* CircleButton */ = {
			isa = PBXNativeTarget;
			buildConfigurationList = 2822D71A24AF880F001C2472 /* Build configuration list for PBXNativeTarget "CircleButton" */;
			buildPhases = (
				2822D6F724AF880C001C2472 /* Sources */,
				2822D6F824AF880C001C2472 /* Frameworks */,
				2822D6F924AF880C001C2472 /* Resources */,
			);
			buildRules = (
			);
			dependencies = (
			);
			name = CircleButton;
			productName = CircleButton;
			productReference = 2822D6FB24AF880C001C2472 /* CircleButton.app */;
			productType = "com.apple.product-type.application";
		};
		2822D71024AF880F001C2472 /* CircleButtonTests */ = {
			isa = PBXNativeTarget;
			buildConfigurationList = 2822D71D24AF880F001C2472 /* Build configuration list for PBXNativeTarget "CircleButtonTests" */;
			buildPhases = (
				2822D70D24AF880F001C2472 /* Sources */,
				2822D70E24AF880F001C2472 /* Frameworks */,
				2822D70F24AF880F001C2472 /* Resources */,
			);
			buildRules = (
			);
			dependencies = (
				2822D71324AF880F001C2472 /* PBXTargetDependency */,
			);
			name = CircleButtonTests;
			productName = CircleButtonTests;
			productReference = 2822D71124AF880F001C2472 /* CircleButtonTests.xctest */;
			productType = "com.apple.product-type.bundle.unit-test";
		};
/* End PBXNativeTarget section */

/* Begin PBXProject section */
		2822D6F324AF880C001C2472 /* Project object */ = {
			isa = PBXProject;
			attributes = {
				LastSwiftUpdateCheck = 1140;
				LastUpgradeCheck = 1140;
				ORGANIZATIONNAME = io.github.ahmedkhalaf;
				TargetAttributes = {
					2822D6FA24AF880C001C2472 = {
						CreatedOnToolsVersion = 11.4.1;
					};
					2822D71024AF880F001C2472 = {
						CreatedOnToolsVersion = 11.4.1;
						TestTargetID = 2822D6FA24AF880C001C2472;
					};
				};
			};
			buildConfigurationList = 2822D6F624AF880C001C2472 /* Build configuration list for PBXProject "CircleButton" */;
			compatibilityVersion = "Xcode 9.3";
			developmentRegion = en;
			hasScannedForEncodings = 0;
			knownRegions = (
				en,
				Base,
			);
			mainGroup = 2822D6F224AF880C001C2472;
			productRefGroup = 2822D6FC24AF880C001C2472 /* Products */;
			projectDirPath = "";
			projectRoot = "";
			targets = (
				2822D6FA24AF880C001C2472 /* CircleButton */,
				2822D71024AF880F001C2472 /* CircleButtonTests */,
			);
		};
/* End PBXProject section */

/* Begin PBXResourcesBuildPhase section */
		2822D6F924AF880C001C2472 /* Resources */ = {
			isa = PBXResourcesBuildPhase;
			buildActionMask = 2147483647;
			files = (
				2822D70B24AF880F001C2472 /* LaunchScreen.storyboard in Resources */,
				2822D70824AF880F001C2472 /* Assets.xcassets in Resources */,
				2822D70624AF880C001C2472 /* Main.storyboard in Resources */,
			);
			runOnlyForDeploymentPostprocessing = 0;
		};
		2822D70F24AF880F001C2472 /* Resources */ = {
			isa = PBXResourcesBuildPhase;
			buildActionMask = 2147483647;
			files = (
			);
			runOnlyForDeploymentPostprocessing = 0;
		};
/* End PBXResourcesBuildPhase section */

/* Begin PBXSourcesBuildPhase section */
		2822D6F724AF880C001C2472 /* Sources */ = {
			isa = PBXSourcesBuildPhase;
			buildActionMask = 2147483647;
			files = (
				2822D70324AF880C001C2472 /* ViewController.swift in Sources */,
				2822D6FF24AF880C001C2472 /* AppDelegate.swift in Sources */,
				2822D70124AF880C001C2472 /* SceneDelegate.swift in Sources */,
			);
			runOnlyForDeploymentPostprocessing = 0;
		};
		2822D70D24AF880F001C2472 /* Sources */ = {
			isa = PBXSourcesBuildPhase;
			buildActionMask = 2147483647;
			files = (
				2822D71624AF880F001C2472 /* CircleButtonTests.swift in Sources */,
			);
			runOnlyForDeploymentPostprocessing = 0;
		};
/* End PBXSourcesBuildPhase section */

/* Begin PBXTargetDependency section */
		2822D71324AF880F001C2472 /* PBXTargetDependency */ = {
			isa = PBXTargetDependency;
			target = 2822D6FA24AF880C001C2472 /* CircleButton */;
			targetProxy = 2822D71224AF880F001C2472 /* PBXContainerItemProxy */;
		};
/* End PBXTargetDependency section */

/* Begin PBXVariantGroup section */
		2822D70424AF880C001C2472 /* Main.storyboard */ = {
			isa = PBXVariantGroup;
			children = (
				2822D70524AF880C001C2472 /* Base */,
			);
			name = Main.storyboard;
			sourceTree = "<group>";
		};
		2822D70924AF880F001C2472 /* LaunchScreen.storyboard */ = {
			isa = PBXVariantGroup;
			children = (
				2822D70A24AF880F001C2472 /* Base */,
			);
			name = LaunchScreen.storyboard;
			sourceTree = "<group>";
		};
/* End PBXVariantGroup section */

/* Begin XCBuildConfiguration section */
		2822D71824AF880F001C2472 /* Debug */ = {
			isa = XCBuildConfiguration;
			buildSettings = {
				ALWAYS_SEARCH_USER_PATHS = NO;
				CLANG_ANALYZER_NONNULL = YES;
				CLANG_ANALYZER_NUMBER_OBJECT_CONVERSION = YES_AGGRESSIVE;
				CLANG_CXX_LANGUAGE_STANDARD = "gnu++14";
				CLANG_CXX_LIBRARY = "libc++";
				CLANG_ENABLE_MODULES = YES;
				CLANG_ENABLE_OBJC_ARC = YES;
				CLANG_ENABLE_OBJC_WEAK = YES;
				CLANG_WARN_BLOCK_CAPTURE_AUTORELEASING = YES;
				CLANG_WARN_BOOL_CONVERSION = YES;
				CLANG_WARN_COMMA = YES;
				CLANG_WARN_CONSTANT_CONVERSION = YES;
				CLANG_WARN_DEPRECATED_OBJC_IMPLEMENTATIONS = YES;
				CLANG_WARN_DIRECT_OBJC_ISA_USAGE = YES_ERROR;
				CLANG_WARN_DOCUMENTATION_COMMENTS = YES;
				CLANG_WARN_EMPTY_BODY = YES;
				CLANG_WARN_ENUM_CONVERSION = YES;
				CLANG_WARN_INFINITE_RECURSION = YES;
				CLANG_WARN_INT_CONVERSION = YES;
				CLANG_WARN_NON_LITERAL_NULL_CONVERSION = YES;
				CLANG_WARN_OBJC_IMPLICIT_RETAIN_SELF = YES;
				CLANG_WARN_OBJC_LITERAL_CONVERSION = YES;
				CLANG_WARN_OBJC_ROOT_CLASS = YES_ERROR;
				CLANG_WARN_RANGE_LOOP_ANALYSIS = YES;
				CLANG_WARN_STRICT_PROTOTYPES = YES;
				CLANG_WARN_SUSPICIOUS_MOVE = YES;
				CLANG_WARN_UNGUARDED_AVAILABILITY = YES_AGGRESSIVE;
				CLANG_WARN_UNREACHABLE_CODE = YES;
				CLANG_WARN__DUPLICATE_METHOD_MATCH = YES;
				COPY_PHASE_STRIP = NO;
				DEBUG_INFORMATION_FORMAT = dwarf;
				ENABLE_STRICT_OBJC_MSGSEND = YES;
				ENABLE_TESTABILITY = YES;
				GCC_C_LANGUAGE_STANDARD = gnu11;
				GCC_DYNAMIC_NO_PIC = NO;
				GCC_NO_COMMON_BLOCKS = YES;
				GCC_OPTIMIZATION_LEVEL = 0;
				GCC_PREPROCESSOR_DEFINITIONS = (
					"DEBUG=1",
					"$(inherited)",
				);
				GCC_WARN_64_TO_32_BIT_CONVERSION = YES;
				GCC_WARN_ABOUT_RETURN_TYPE = YES_ERROR;
				GCC_WARN_UNDECLARED_SELECTOR = YES;
				GCC_WARN_UNINITIALIZED_AUTOS = YES_AGGRESSIVE;
				GCC_WARN_UNUSED_FUNCTION = YES;
				GCC_WARN_UNUSED_VARIABLE = YES;
				IPHONEOS_DEPLOYMENT_TARGET = 13.4;
				MTL_ENABLE_DEBUG_INFO = INCLUDE_SOURCE;
				MTL_FAST_MATH = YES;
				ONLY_ACTIVE_ARCH = YES;
				SDKROOT = iphoneos;
				SWIFT_ACTIVE_COMPILATION_CONDITIONS = DEBUG;
				SWIFT_OPTIMIZATION_LEVEL = "-Onone";
			};
			name = Debug;
		};
		2822D71924AF880F001C2472 /* Release */ = {
			isa = XCBuildConfiguration;
			buildSettings = {
				ALWAYS_SEARCH_USER_PATHS = NO;
				CLANG_ANALYZER_NONNULL = YES;
				CLANG_ANALYZER_NUMBER_OBJECT_CONVERSION = YES_AGGRESSIVE;
				CLANG_CXX_LANGUAGE_STANDARD = "gnu++14";
				CLANG_CXX_LIBRARY = "libc++";
				CLANG_ENABLE_MODULES = YES;
				CLANG_ENABLE_OBJC_ARC = YES;
				CLANG_ENABLE_OBJC_WEAK = YES;
				CLANG_WARN_BLOCK_CAPTURE_AUTORELEASING = YES;
				CLANG_WARN_BOOL_CONVERSION = YES;
				CLANG_WARN_COMMA = YES;
				CLANG_WARN_CONSTANT_CONVERSION = YES;
				CLANG_WARN_DEPRECATED_OBJC_IMPLEMENTATIONS = YES;
				CLANG_WARN_DIRECT_OBJC_ISA_USAGE = YES_ERROR;
				CLANG_WARN_DOCUMENTATION_COMMENTS = YES;
				CLANG_WARN_EMPTY_BODY = YES;
				CLANG_WARN_ENUM_CONVERSION = YES;
				CLANG_WARN_INFINITE_RECURSION = YES;
				CLANG_WARN_INT_CONVERSION = YES;
				CLANG_WARN_NON_LITERAL_NULL_CONVERSION = YES;
				CLANG_WARN_OBJC_IMPLICIT_RETAIN_SELF = YES;
				CLANG_WARN_OBJC_LITERAL_CONVERSION = YES;
				CLANG_WARN_OBJC_ROOT_CLASS = YES_ERROR;
				CLANG_WARN_RANGE_LOOP_ANALYSIS = YES;
				CLANG_WARN_STRICT_PROTOTYPES = YES;
				CLANG_WARN_SUSPICIOUS_MOVE = YES;
				CLANG_WARN_UNGUARDED_AVAILABILITY = YES_AGGRESSIVE;
				CLANG_WARN_UNREACHABLE_CODE = YES;
				CLANG_WARN__DUPLICATE_METHOD_MATCH = YES;
				COPY_PHASE_STRIP = NO;
				DEBUG_INFORMATION_FORMAT = "dwarf-with-dsym";
				ENABLE_NS_ASSERTIONS = NO;
				ENABLE_STRICT_OBJC_MSGSEND = YES;
				GCC_C_LANGUAGE_STANDARD = gnu11;
				GCC_NO_COMMON_BLOCKS = YES;
				GCC_WARN_64_TO_32_BIT_CONVERSION = YES;
				GCC_WARN_ABOUT_RETURN_TYPE = YES_ERROR;
				GCC_WARN_UNDECLARED_SELECTOR = YES;
				GCC_WARN_UNINITIALIZED_AUTOS = YES_AGGRESSIVE;
				GCC_WARN_UNUSED_FUNCTION = YES;
				GCC_WARN_UNUSED_VARIABLE = YES;
				IPHONEOS_DEPLOYMENT_TARGET = 13.4;
				MTL_ENABLE_DEBUG_INFO = NO;
				MTL_FAST_MATH = YES;
				SDKROOT = iphoneos;
				SWIFT_COMPILATION_MODE = wholemodule;
				SWIFT_OPTIMIZATION_LEVEL = "-O";
				VALIDATE_PRODUCT = YES;
			};
			name = Release;
		};
		2822D71B24AF880F001C2472 /* Debug */ = {
			isa = XCBuildConfiguration;
			buildSettings = {
				ASSETCATALOG_COMPILER_APPICON_NAME = AppIcon;
				CODE_SIGN_STYLE = Automatic;
				DEVELOPMENT_TEAM = BCX3Z4NU85;
				INFOPLIST_FILE = CircleButton/Info.plist;
				LD_RUNPATH_SEARCH_PATHS = (
					"$(inherited)",
					"@executable_path/Frameworks",
				);
				PRODUCT_BUNDLE_IDENTIFIER = AK.CircleButton;
				PRODUCT_NAME = "$(TARGET_NAME)";
				SWIFT_VERSION = 5.0;
				TARGETED_DEVICE_FAMILY = "1,2";
			};
			name = Debug;
		};
		2822D71C24AF880F001C2472 /* Release */ = {
			isa = XCBuildConfiguration;
			buildSettings = {
				ASSETCATALOG_COMPILER_APPICON_NAME = AppIcon;
				CODE_SIGN_STYLE = Automatic;
				DEVELOPMENT_TEAM = BCX3Z4NU85;
				INFOPLIST_FILE = CircleButton/Info.plist;
				LD_RUNPATH_SEARCH_PATHS = (
					"$(inherited)",
					"@executable_path/Frameworks",
				);
				PRODUCT_BUNDLE_IDENTIFIER = AK.CircleButton;
				PRODUCT_NAME = "$(TARGET_NAME)";
				SWIFT_VERSION = 5.0;
				TARGETED_DEVICE_FAMILY = "1,2";
			};
			name = Release;
		};
		2822D71E24AF880F001C2472 /* Debug */ = {
			isa = XCBuildConfiguration;
			buildSettings = {
				ALWAYS_EMBED_SWIFT_STANDARD_LIBRARIES = YES;
				BUNDLE_LOADER = "$(TEST_HOST)";
				CODE_SIGN_STYLE = Automatic;
				DEVELOPMENT_TEAM = BCX3Z4NU85;
				INFOPLIST_FILE = CircleButtonTests/Info.plist;
				IPHONEOS_DEPLOYMENT_TARGET = 13.4;
				LD_RUNPATH_SEARCH_PATHS = (
					"$(inherited)",
					"@executable_path/Frameworks",
					"@loader_path/Frameworks",
				);
				PRODUCT_BUNDLE_IDENTIFIER = AK.CircleButtonTests;
				PRODUCT_NAME = "$(TARGET_NAME)";
				SWIFT_VERSION = 5.0;
				TARGETED_DEVICE_FAMILY = "1,2";
				TEST_HOST = "$(BUILT_PRODUCTS_DIR)/CircleButton.app/CircleButton";
			};
			name = Debug;
		};
		2822D71F24AF880F001C2472 /* Release */ = {
			isa = XCBuildConfiguration;
			buildSettings = {
				ALWAYS_EMBED_SWIFT_STANDARD_LIBRARIES = YES;
				BUNDLE_LOADER = "$(TEST_HOST)";
				CODE_SIGN_STYLE = Automatic;
				DEVELOPMENT_TEAM = BCX3Z4NU85;
				INFOPLIST_FILE = CircleButtonTests/Info.plist;
				IPHONEOS_DEPLOYMENT_TARGET = 13.4;
				LD_RUNPATH_SEARCH_PATHS = (
					"$(inherited)",
					"@executable_path/Frameworks",
					"@loader_path/Frameworks",
				);
				PRODUCT_BUNDLE_IDENTIFIER = AK.CircleButtonTests;
				PRODUCT_NAME = "$(TARGET_NAME)";
				SWIFT_VERSION = 5.0;
				TARGETED_DEVICE_FAMILY = "1,2";
				TEST_HOST = "$(BUILT_PRODUCTS_DIR)/CircleButton.app/CircleButton";
			};
			name = Release;
		};
/* End XCBuildConfiguration section */

/* Begin XCConfigurationList section */
		2822D6F624AF880C001C2472 /* Build configuration list for PBXProject "CircleButton" */ = {
			isa = XCConfigurationList;
			buildConfigurations = (
				2822D71824AF880F001C2472 /* Debug */,
				2822D71924AF880F001C2472 /* Release */,
			);
			defaultConfigurationIsVisible = 0;
			defaultConfigurationName = Release;
		};
		2822D71A24AF880F001C2472 /* Build configuration list for PBXNativeTarget "CircleButton" */ = {
			isa = XCConfigurationList;
			buildConfigurations = (
				2822D71B24AF880F001C2472 /* Debug */,
				2822D71C24AF880F001C2472 /* Release */,
			);
			defaultConfigurationIsVisible = 0;
			defaultConfigurationName = Release;
		};
		2822D71D24AF880F001C2472 /* Build configuration list for PBXNativeTarget "CircleButtonTests" */ = {
			isa = XCConfigurationList;
			buildConfigurations = (
				2822D71E24AF880F001C2472 /* Debug */,
				2822D71F24AF880F001C2472 /* Release */,
			);
			defaultConfigurationIsVisible = 0;
			defaultConfigurationName = Release;
		};
/* End XCConfigurationList section */
	};
	rootObject = 2822D6F324AF880C001C2472 /* Project object */;
}
